
Microsoft Visual Studio Solution File, Format Version 12.00
# Visual Studio Version 16
VisualStudioVersion = 16.0.31321.278
MinimumVisualStudioVersion = 10.0.40219.1
Project("{FAE04EC0-301F-11D3-BF4B-00C04F79EFBC}") = "NonogramaClasse", "NonogramaClasse.csproj", "{8AE307F7-65A1-4B22-A0B6-47A9046B9C84}"
EndProject
Global
	GlobalSection(SolutionConfigurationPlatforms) = preSolution
		Debug|Any CPU = Debug|Any CPU
		Release|Any CPU = Release|Any CPU
	EndGlobalSection
	GlobalSection(ProjectConfigurationPlatforms) = postSolution
		{8AE307F7-65A1-4B22-A0B6-47A9046B9C84}.Debug|Any CPU.ActiveCfg = Debug|Any CPU
		{8AE307F7-65A1-4B22-A0B6-47A9046B9C84}.Debug|Any CPU.Build.0 = Debug|Any CPU
		{8AE307F7-65A1-4B22-A0B6-47A9046B9C84}.Release|Any CPU.ActiveCfg = Release|Any CPU
		{8AE307F7-65A1-4B22-A0B6-47A9046B9C84}.Release|Any CPU.Build.0 = Release|Any CPU
	EndGlobalSection
	GlobalSection(SolutionProperties) = preSolution
		HideSolutionNode = FALSE
	EndGlobalSection
	GlobalSection(ExtensibilityGlobals) = postSolution
		SolutionGuid = {71628F4E-FDF5-444E-AD0C-750E0B9764F8}
	EndGlobalSection
EndGlobal
